
Microsoft Visual Studio Solution File, Format Version 12.00
# Visual Studio Version 16
VisualStudioVersion = 16.0.33328.57
MinimumVisualStudioVersion = 10.0.40219.1
Project("{FAE04EC0-301F-11D3-BF4B-00C04F79EFBC}") = "Extra", "Extra.csproj", "{9EE96267-57D8-4312-8E91-CEAE34494FB6}"
EndProject
Global
	GlobalSection(SolutionConfigurationPlatforms) = preSolution
		Debug|Any CPU = Debug|Any CPU
		Release|Any CPU = Release|Any CPU
	EndGlobalSection
	GlobalSection(ProjectConfigurationPlatforms) = postSolution
		{9EE96267-57D8-4312-8E91-CEAE34494FB6}.Debug|Any CPU.ActiveCfg = Debug|Any CPU
		{9EE96267-57D8-4312-8E91-CEAE34494FB6}.Debug|Any CPU.Build.0 = Debug|Any CPU
		{9EE96267-57D8-4312-8E91-CEAE34494FB6}.Release|Any CPU.ActiveCfg = Release|Any CPU
		{9EE96267-57D8-4312-8E91-CEAE34494FB6}.Release|Any CPU.Build.0 = Release|Any CPU
	EndGlobalSection
	GlobalSection(SolutionProperties) = preSolution
		HideSolutionNode = FALSE
	EndGlobalSection
	GlobalSection(ExtensibilityGlobals) = postSolution
		SolutionGuid = {D7C28CC5-FE10-413F-B455-E6F9DF0C95A4}
	EndGlobalSection
EndGlobal
